
Microsoft Visual Studio Solution File, Format Version 12.00
# Visual Studio Version 17
VisualStudioVersion = 17.1.32328.378
MinimumVisualStudioVersion = 10.0.40219.1
Project("{FAE04EC0-301F-11D3-BF4B-00C04F79EFBC}") = "Ykx.Industrial427", "Ykx.Industrial427\Ykx.Industrial427.csproj", "{42ABD9BF-D005-4968-8FDC-C6397FFE650C}"
EndProject
Project("{FAE04EC0-301F-11D3-BF4B-00C04F79EFBC}") = "Ykx.Communication", "Ykx.Communication\Ykx.Communication.csproj", "{33C7E79B-EA08-462F-9984-EBC7C196F27A}"
EndProject
Project("{FAE04EC0-301F-11D3-BF4B-00C04F79EFBC}") = "Ykx.Controls", "Ykx.Controls\Ykx.Controls.csproj", "{7F7967E2-685C-4D35-9890-BB129FF11E32}"
EndProject
Global
	GlobalSection(SolutionConfigurationPlatforms) = preSolution
		Debug|Any CPU = Debug|Any CPU
		Release|Any CPU = Release|Any CPU
	EndGlobalSection
	GlobalSection(ProjectConfigurationPlatforms) = postSolution
		{42ABD9BF-D005-4968-8FDC-C6397FFE650C}.Debug|Any CPU.ActiveCfg = Debug|Any CPU
		{42ABD9BF-D005-4968-8FDC-C6397FFE650C}.Debug|Any CPU.Build.0 = Debug|Any CPU
		{42ABD9BF-D005-4968-8FDC-C6397FFE650C}.Release|Any CPU.ActiveCfg = Release|Any CPU
		{42ABD9BF-D005-4968-8FDC-C6397FFE650C}.Release|Any CPU.Build.0 = Release|Any CPU
		{33C7E79B-EA08-462F-9984-EBC7C196F27A}.Debug|Any CPU.ActiveCfg = Debug|Any CPU
		{33C7E79B-EA08-462F-9984-EBC7C196F27A}.Debug|Any CPU.Build.0 = Debug|Any CPU
		{33C7E79B-EA08-462F-9984-EBC7C196F27A}.Release|Any CPU.ActiveCfg = Release|Any CPU
		{33C7E79B-EA08-462F-9984-EBC7C196F27A}.Release|Any CPU.Build.0 = Release|Any CPU
		{7F7967E2-685C-4D35-9890-BB129FF11E32}.Debug|Any CPU.ActiveCfg = Debug|Any CPU
		{7F7967E2-685C-4D35-9890-BB129FF11E32}.Debug|Any CPU.Build.0 = Debug|Any CPU
		{7F7967E2-685C-4D35-9890-BB129FF11E32}.Release|Any CPU.ActiveCfg = Release|Any CPU
		{7F7967E2-685C-4D35-9890-BB129FF11E32}.Release|Any CPU.Build.0 = Release|Any CPU
	EndGlobalSection
	GlobalSection(SolutionProperties) = preSolution
		HideSolutionNode = FALSE
	EndGlobalSection
	GlobalSection(ExtensibilityGlobals) = postSolution
		SolutionGuid = {400BFE7F-EFD0-4F13-B6B3-00E10922CA57}
	EndGlobalSection
EndGlobal
